
Microsoft Visual Studio Solution File, Format Version 10.00
# Visual Studio 2008
Project("{FAE04EC0-301F-11D3-BF4B-00C04F79EFBC}") = "tgdt", "web\tgdt.csproj", "{5CBACA64-C4E7-4984-B906-70E39B7E803A}"
EndProject
Global
	GlobalSection(SolutionConfigurationPlatforms) = preSolution
		Debug|Any CPU = Debug|Any CPU
		Release|Any CPU = Release|Any CPU
	EndGlobalSection
	GlobalSection(ProjectConfigurationPlatforms) = postSolution
		{5CBACA64-C4E7-4984-B906-70E39B7E803A}.Debug|Any CPU.ActiveCfg = Debug|Any CPU
		{5CBACA64-C4E7-4984-B906-70E39B7E803A}.Debug|Any CPU.Build.0 = Debug|Any CPU
		{5CBACA64-C4E7-4984-B906-70E39B7E803A}.Release|Any CPU.ActiveCfg = Release|Any CPU
		{5CBACA64-C4E7-4984-B906-70E39B7E803A}.Release|Any CPU.Build.0 = Release|Any CPU
	EndGlobalSection
	GlobalSection(SolutionProperties) = preSolution
		HideSolutionNode = FALSE
	EndGlobalSection
EndGlobal
